
Microsoft Visual Studio Solution File, Format Version 12.00
Project("{FAE04EC0-301F-11D3-BF4B-00C04F79EFBC}") = "UniLogoRotation", "UniLogoRotation\UniLogoRotation.csproj", "{8973F8B0-4AC2-4A63-9DD3-4642B0075328}"
EndProject
Global
	GlobalSection(SolutionConfigurationPlatforms) = preSolution
		Debug|Any CPU = Debug|Any CPU
		Release|Any CPU = Release|Any CPU
	EndGlobalSection
	GlobalSection(ProjectConfigurationPlatforms) = postSolution
		{8973F8B0-4AC2-4A63-9DD3-4642B0075328}.Debug|Any CPU.ActiveCfg = Debug|Any CPU
		{8973F8B0-4AC2-4A63-9DD3-4642B0075328}.Debug|Any CPU.Build.0 = Debug|Any CPU
		{8973F8B0-4AC2-4A63-9DD3-4642B0075328}.Release|Any CPU.ActiveCfg = Release|Any CPU
		{8973F8B0-4AC2-4A63-9DD3-4642B0075328}.Release|Any CPU.Build.0 = Release|Any CPU
	EndGlobalSection
EndGlobal
